# This file is autogenerated, do not edit; changes may be undone by the next 'dep ensure'.


[[projects]]
  name = "github.com/newrelic/go-agent"
  packages = [
    ".",
    "internal",
    "internal/cat",
    "internal/jsonx",
    "internal/logger",
    "internal/sysinfo",
    "internal/utilization"
  ]
  revision = "a5d75f2b4787aa1bbc76688187b2353f8ff581a6"
  version = "v2.0.0"

[solve-meta]
  analyzer-name = "dep"
  analyzer-version = 1
  inputs-digest = "4a7c9ceb65f8db4738e7eecf59a32b2c30265ed93547f500de49330e498b7204"
  solver-name = "gps-cdcl"
  solver-version = 1
